{
  "name": "fly-forager-web",
  "version": "1.0.0",
  "lockfileVersion": 3,
  "requires": true,
  "packages": {
    "": {
      "name": "fly-forager-web",
      "version": "1.0.0",
      "license": "ISC",
      "dependencies": {
        "animejs": "4.5.0",
        "three": "0.186.0"
      }
    },
    "node_modules/animejs": {
      "version": "4.5.0",
      "resolved": "https://registry.npmjs.org/animejs/-/animejs-4.5.0.tgz",
      "integrity": "sha512-NQimYX+lz8WaXonGS9zVVoviCIAjONeJayxacUditaivYLqyXgGjFKjuyl0aUUhFKm5MriX9ty1TGovNzoJQWA==",
      "license": "MIT",
      "funding": {
        "type": "github",
        "url": "https://github.com/sponsors/juliangarnier"
      },
      "peerDependencies": {
        "@types/three": ">=0.150.0",
        "three": ">=0.150.0"
      },
      "peerDependenciesMeta": {
        "@types/three": {
          "optional": true
        },
        "three": {
          "optional": true
        }
      }
    },
    "node_modules/three": {
      "version": "0.186.0",
      "resolved": "https://registry.npmjs.org/three/-/three-0.186.0.tgz",
      "integrity": "sha512-cr/fIM2ddMSVbYVgkfD4jLJv7Fh/8ZTjvo+7gQeSVGUZHxpx9FDwoL5iC7hUz/LiRA8wMbqfnb90xKfm1/HHkQ==",
      "license": "MIT"
    }
  }
}
